
Microsoft Visual Studio Solution File, Format Version 12.00
# Visual Studio Version 16
VisualStudioVersion = 16.0.810.11
MinimumVisualStudioVersion = 10.0.40219.1
Project("{2150E333-8FDC-42A3-9474-1A3956D46DE8}") = "src", "src", "{031799A9-BB0B-469A-B616-8FED87A511AB}"
EndProject
Project("{2150E333-8FDC-42A3-9474-1A3956D46DE8}") = "test", "test", "{878BF19E-6F2F-4218-92ED-36F61A1B95D2}"
EndProject
Project("{FAE04EC0-301F-11D3-BF4B-00C04F79EFBC}") = "84AOJ.Test", "84AOJ.Test\84AOJ.Test.csproj", "{125EC259-C018-4DE5-88B9-CF21402C5DF4}"
EndProject
Project("{2150E333-8FDC-42A3-9474-1A3956D46DE8}") = "84AOJ.Application", "84AOJ.Application", "{1AB314BD-5164-445B-8C85-1E510D987B5C}"
EndProject
Project("{2150E333-8FDC-42A3-9474-1A3956D46DE8}") = "84AOJ.Shared", "84AOJ.Shared", "{C187F115-9915-4E2B-9BE0-66029A81F7B7}"
EndProject
Project("{2150E333-8FDC-42A3-9474-1A3956D46DE8}") = "84AOJ.Domain", "84AOJ.Domain", "{A709B8C7-4E19-4524-B422-14DA3DD52594}"
EndProject
Project("{2150E333-8FDC-42A3-9474-1A3956D46DE8}") = "84AOJ.Api", "84AOJ.Api", "{370EE44A-9610-403E-92B5-1BDA06DF0F03}"
EndProject
Project("{FAE04EC0-301F-11D3-BF4B-00C04F79EFBC}") = "84AOJ.Api", "84AOJ.Api\84AOJ.Api.csproj", "{45B6E654-068F-497F-B8B4-CEF31C47866C}"
EndProject
Project("{FAE04EC0-301F-11D3-BF4B-00C04F79EFBC}") = "84AOJ.Application", "84AOJ.Application\84AOJ.Application.csproj", "{21264955-AB91-472A-8F84-6815CE70FF6C}"
EndProject
Project("{FAE04EC0-301F-11D3-BF4B-00C04F79EFBC}") = "84AOJ.Domain", "84AOJ.Domain\84AOJ.Domain.csproj", "{33A79822-ED55-432F-8482-476A588B13F9}"
EndProject
Project("{FAE04EC0-301F-11D3-BF4B-00C04F79EFBC}") = "84AOJ.Shared", "84AOJ.Shared\84AOJ.Shared.csproj", "{C8A89D9E-CC0F-4F32-9A59-BFD6B8EE0259}"
EndProject
Project("{2150E333-8FDC-42A3-9474-1A3956D46DE8}") = "84AOJ.Infra", "84AOJ.Infra", "{CF044441-8B12-46E2-A027-13CBD08BC4E8}"
EndProject
Project("{FAE04EC0-301F-11D3-BF4B-00C04F79EFBC}") = "84AOJ.Infra", "84AOJ.Infra\84AOJ.Infra.csproj", "{B71B35D5-21D0-4084-B60F-5A92741BAC94}"
EndProject
Project("{2150E333-8FDC-42A3-9474-1A3956D46DE8}") = "Solution Items", "Solution Items", "{217E24A9-2EE0-409D-9069-7924B6236ACA}"
	ProjectSection(SolutionItems) = preProject
		README.md = README.md
	EndProjectSection
EndProject
Global
	GlobalSection(SolutionConfigurationPlatforms) = preSolution
		Debug|Any CPU = Debug|Any CPU
		Release|Any CPU = Release|Any CPU
	EndGlobalSection
	GlobalSection(ProjectConfigurationPlatforms) = postSolution
		{125EC259-C018-4DE5-88B9-CF21402C5DF4}.Debug|Any CPU.ActiveCfg = Debug|Any CPU
		{125EC259-C018-4DE5-88B9-CF21402C5DF4}.Debug|Any CPU.Build.0 = Debug|Any CPU
		{125EC259-C018-4DE5-88B9-CF21402C5DF4}.Release|Any CPU.ActiveCfg = Release|Any CPU
		{125EC259-C018-4DE5-88B9-CF21402C5DF4}.Release|Any CPU.Build.0 = Release|Any CPU
		{45B6E654-068F-497F-B8B4-CEF31C47866C}.Debug|Any CPU.ActiveCfg = Debug|Any CPU
		{45B6E654-068F-497F-B8B4-CEF31C47866C}.Debug|Any CPU.Build.0 = Debug|Any CPU
		{45B6E654-068F-497F-B8B4-CEF31C47866C}.Release|Any CPU.ActiveCfg = Release|Any CPU
		{45B6E654-068F-497F-B8B4-CEF31C47866C}.Release|Any CPU.Build.0 = Release|Any CPU
		{21264955-AB91-472A-8F84-6815CE70FF6C}.Debug|Any CPU.ActiveCfg = Debug|Any CPU
		{21264955-AB91-472A-8F84-6815CE70FF6C}.Debug|Any CPU.Build.0 = Debug|Any CPU
		{21264955-AB91-472A-8F84-6815CE70FF6C}.Release|Any CPU.ActiveCfg = Release|Any CPU
		{21264955-AB91-472A-8F84-6815CE70FF6C}.Release|Any CPU.Build.0 = Release|Any CPU
		{33A79822-ED55-432F-8482-476A588B13F9}.Debug|Any CPU.ActiveCfg = Debug|Any CPU
		{33A79822-ED55-432F-8482-476A588B13F9}.Debug|Any CPU.Build.0 = Debug|Any CPU
		{33A79822-ED55-432F-8482-476A588B13F9}.Release|Any CPU.ActiveCfg = Release|Any CPU
		{33A79822-ED55-432F-8482-476A588B13F9}.Release|Any CPU.Build.0 = Release|Any CPU
		{C8A89D9E-CC0F-4F32-9A59-BFD6B8EE0259}.Debug|Any CPU.ActiveCfg = Debug|Any CPU
		{C8A89D9E-CC0F-4F32-9A59-BFD6B8EE0259}.Debug|Any CPU.Build.0 = Debug|Any CPU
		{C8A89D9E-CC0F-4F32-9A59-BFD6B8EE0259}.Release|Any CPU.ActiveCfg = Release|Any CPU
		{C8A89D9E-CC0F-4F32-9A59-BFD6B8EE0259}.Release|Any CPU.Build.0 = Release|Any CPU
		{B71B35D5-21D0-4084-B60F-5A92741BAC94}.Debug|Any CPU.ActiveCfg = Debug|Any CPU
		{B71B35D5-21D0-4084-B60F-5A92741BAC94}.Debug|Any CPU.Build.0 = Debug|Any CPU
		{B71B35D5-21D0-4084-B60F-5A92741BAC94}.Release|Any CPU.ActiveCfg = Release|Any CPU
		{B71B35D5-21D0-4084-B60F-5A92741BAC94}.Release|Any CPU.Build.0 = Release|Any CPU
	EndGlobalSection
	GlobalSection(SolutionProperties) = preSolution
		HideSolutionNode = FALSE
	EndGlobalSection
	GlobalSection(ExtensibilityGlobals) = postSolution
		SolutionGuid = {EFC5CC71-1364-4AFD-ABDB-B9A871D98672}
	EndGlobalSection
	GlobalSection(NestedProjects) = preSolution
		{125EC259-C018-4DE5-88B9-CF21402C5DF4} = {878BF19E-6F2F-4218-92ED-36F61A1B95D2}
		{1AB314BD-5164-445B-8C85-1E510D987B5C} = {031799A9-BB0B-469A-B616-8FED87A511AB}
		{C187F115-9915-4E2B-9BE0-66029A81F7B7} = {031799A9-BB0B-469A-B616-8FED87A511AB}
		{A709B8C7-4E19-4524-B422-14DA3DD52594} = {031799A9-BB0B-469A-B616-8FED87A511AB}
		{370EE44A-9610-403E-92B5-1BDA06DF0F03} = {031799A9-BB0B-469A-B616-8FED87A511AB}
		{45B6E654-068F-497F-B8B4-CEF31C47866C} = {370EE44A-9610-403E-92B5-1BDA06DF0F03}
		{21264955-AB91-472A-8F84-6815CE70FF6C} = {1AB314BD-5164-445B-8C85-1E510D987B5C}
		{33A79822-ED55-432F-8482-476A588B13F9} = {A709B8C7-4E19-4524-B422-14DA3DD52594}
		{C8A89D9E-CC0F-4F32-9A59-BFD6B8EE0259} = {C187F115-9915-4E2B-9BE0-66029A81F7B7}
		{CF044441-8B12-46E2-A027-13CBD08BC4E8} = {031799A9-BB0B-469A-B616-8FED87A511AB}
		{B71B35D5-21D0-4084-B60F-5A92741BAC94} = {CF044441-8B12-46E2-A027-13CBD08BC4E8}
	EndGlobalSection
EndGlobal
